
Microsoft Visual Studio Solution File, Format Version 12.00
# Visual Studio Version 16
VisualStudioVersion = 16.0.29306.81
MinimumVisualStudioVersion = 10.0.40219.1
Project("{FAE04EC0-301F-11D3-BF4B-00C04F79EFBC}") = "YetAnotherFaviconDownloader", "YAFD\YetAnotherFaviconDownloader.csproj", "{D336CD55-D045-4D90-8398-59F0A7D419BB}"
EndProject
Project("{FAE04EC0-301F-11D3-BF4B-00C04F79EFBC}") = "Tests", "Tests\Tests.csproj", "{CE5BBE79-0165-4FC5-A953-36F6A8E93C8E}"
EndProject
Global
	GlobalSection(SolutionConfigurationPlatforms) = preSolution
		Debug|Any CPU = Debug|Any CPU
		Release|Any CPU = Release|Any CPU
	EndGlobalSection
	GlobalSection(ProjectConfigurationPlatforms) = postSolution
		{D336CD55-D045-4D90-8398-59F0A7D419BB}.Debug|Any CPU.ActiveCfg = Debug|Any CPU
		{D336CD55-D045-4D90-8398-59F0A7D419BB}.Debug|Any CPU.Build.0 = Debug|Any CPU
		{D336CD55-D045-4D90-8398-59F0A7D419BB}.Release|Any CPU.ActiveCfg = Release|Any CPU
		{D336CD55-D045-4D90-8398-59F0A7D419BB}.Release|Any CPU.Build.0 = Release|Any CPU
		{CE5BBE79-0165-4FC5-A953-36F6A8E93C8E}.Debug|Any CPU.ActiveCfg = Debug|Any CPU
		{CE5BBE79-0165-4FC5-A953-36F6A8E93C8E}.Debug|Any CPU.Build.0 = Debug|Any CPU
		{CE5BBE79-0165-4FC5-A953-36F6A8E93C8E}.Release|Any CPU.ActiveCfg = Release|Any CPU
		{CE5BBE79-0165-4FC5-A953-36F6A8E93C8E}.Release|Any CPU.Build.0 = Release|Any CPU
	EndGlobalSection
	GlobalSection(SolutionProperties) = preSolution
		HideSolutionNode = FALSE
	EndGlobalSection
	GlobalSection(ExtensibilityGlobals) = postSolution
		SolutionGuid = {A527A098-6DBA-423D-B767-69F21CA811F7}
	EndGlobalSection
EndGlobal
